
Microsoft Visual Studio Solution File, Format Version 12.00
# Visual Studio Version 16
VisualStudioVersion = 16.0.31328.270
MinimumVisualStudioVersion = 10.0.40219.1
Project("{9A19103F-16F7-4668-BE54-9A1E7A4F7556}") = "SqlToElasticSearchConverter", "SqlToElasticSearchConverter.csproj", "{0058B005-566C-4715-8C3A-893A45828EA2}"
EndProject
Project("{2150E333-8FDC-42A3-9474-1A3956D46DE8}") = "Solution Items", "Solution Items", "{B50DFED0-8287-45E6-B238-8FAD89150EBA}"
	ProjectSection(SolutionItems) = preProject
		.github\workflows\dotnetcore.yml = .github\workflows\dotnetcore.yml
	EndProjectSection
EndProject
Global
	GlobalSection(SolutionConfigurationPlatforms) = preSolution
		Debug|Any CPU = Debug|Any CPU
		Release|Any CPU = Release|Any CPU
	EndGlobalSection
	GlobalSection(ProjectConfigurationPlatforms) = postSolution
		{0058B005-566C-4715-8C3A-893A45828EA2}.Debug|Any CPU.ActiveCfg = Debug|Any CPU
		{0058B005-566C-4715-8C3A-893A45828EA2}.Debug|Any CPU.Build.0 = Debug|Any CPU
		{0058B005-566C-4715-8C3A-893A45828EA2}.Release|Any CPU.ActiveCfg = Release|Any CPU
		{0058B005-566C-4715-8C3A-893A45828EA2}.Release|Any CPU.Build.0 = Release|Any CPU
	EndGlobalSection
	GlobalSection(SolutionProperties) = preSolution
		HideSolutionNode = FALSE
	EndGlobalSection
	GlobalSection(ExtensibilityGlobals) = postSolution
		SolutionGuid = {E4AD4F54-0316-4ED3-A61C-E692E0D06FD9}
	EndGlobalSection
EndGlobal
